lockfileVersion: '9.0'

settings:
  autoInstallPeers: true
  excludeLinksFromLockfile: false

importers:

  .:
    dependencies:
      '@element-plus/icons-vue':
        specifier: ^2.3.1
        version: 2.3.2(vue@3.5.34(typescript@5.9.3))
      axios:
        specifier: ^1.7.9
        version: 1.17.0
      element-plus:
        specifier: ^2.9.1
        version: 2.13.1(vue@3.5.34(typescript@5.9.3))
      pinia:
        specifier: ^2.3.0
        version: 2.3.1(typescript@5.9.3)(vue@3.5.34(typescript@5.9.3))
      vue:
        specifier: ^3.5.13
        version: 3.5.34(typescript@5.9.3)
      vue-router:
        specifier: ^4.5.0
        version: 4.6.4(vue@3.5.34(typescript@5.9.3))
    devDependencies:
      '@vitejs/plugin-vue':
        specifier: 4.6.2
        version: 4.6.2(vite@4.5.14(sass@1.69.7))(vue@3.5.34(typescript@5.9.3))
      sass:
        specifier: 1.69.7
        version: 1.69.7
      typescript:
        specifier: ^5.7.2
        version: 5.9.3
      vite:
        specifier: 4.5.14
        version: 4.5.14(sass@1.69.7)
      vue-tsc:
        specifier: ^2.2.0
        version: 2.2.12(typescript@5.9.3)

  apps/auth-web:
    dependencies:
      '@vcoding/auth-client':
        specifier: workspace:*
        version: link:../../packages/auth-client
      '@vcoding/shared':
        specifier: workspace:*
        version: link:../../packages/shared
      '@vcoding/ui':
        specifier: workspace:*
        version: link:../../packages/ui
      axios:
        specifier: ^1.7.9
        version: 1.17.0
      element-plus:
        specifier: ^2.9.1
        version: 2.13.1(vue@3.5.34(typescript@5.9.3))
      pinia:
        specifier: ^2.3.0
        version: 2.3.1(typescript@5.9.3)(vue@3.5.34(typescript@5.9.3))
      vue:
        specifier: ^3.5.13
        version: 3.5.34(typescript@5.9.3)
      vue-router:
        specifier: ^4.5.0
        version: 4.6.4(vue@3.5.34(typescript@5.9.3))

  apps/demo-system-web:
    dependencies:
      '@vcoding/auth-client':
        specifier: workspace:*
        version: link:../../packages/auth-client
      '@vcoding/shared':
        specifier: workspace:*
        version: link:../../packages/shared
      '@vcoding/ui':
        specifier: workspace:*
        version: link:../../packages/ui
      axios:
        specifier: ^1.7.9
        version: 1.17.0
      element-plus:
        specifier: ^2.9.1
        version: 2.13.1(vue@3.5.34(typescript@5.9.3))
      pinia:
        specifier: ^2.3.0
        version: 2.3.1(typescript@5.9.3)(vue@3.5.34(typescript@5.9.3))
      vue:
        specifier: ^3.5.13
        version: 3.5.34(typescript@5.9.3)
      vue-router:
        specifier: ^4.5.0
        version: 4.6.4(vue@3.5.34(typescript@5.9.3))

  apps/portal-web:
    dependencies:
      '@vcoding/auth-client':
        specifier: workspace:*
        version: link:../../packages/auth-client
      '@vcoding/shared':
        specifier: workspace:*
        version: link:../../packages/shared
      '@vcoding/ui':
        specifier: workspace:*
        version: link:../../packages/ui
      axios:
        specifier: ^1.7.9
        version: 1.17.0
      element-plus:
        specifier: ^2.9.1
        version: 2.13.1(vue@3.5.34(typescript@5.9.3))
      pinia:
        specifier: ^2.3.0
        version: 2.3.1(typescript@5.9.3)(vue@3.5.34(typescript@5.9.3))
      vue:
        specifier: ^3.5.13
        version: 3.5.34(typescript@5.9.3)
      vue-router:
        specifier: ^4.5.0
        version: 4.6.4(vue@3.5.34(typescript@5.9.3))

  packages/auth-client:
    dependencies:
      '@vcoding/shared':
        specifier: workspace:*
        version: link:../shared
      axios:
        specifier: ^1.7.9
        version: 1.17.0
    devDependencies:
      typescript:
        specifier: ^5.7.2
        version: 5.9.3

  packages/shared:
    devDependencies:
      typescript:
        specifier: ^5.7.2
        version: 5.9.3

  packages/ui:
    dependencies:
      '@element-plus/icons-vue':
        specifier: ^2.3.1
        version: 2.3.2(vue@3.5.34(typescript@5.9.3))
      element-plus:
        specifier: ^2.9.1
        version: 2.13.1(vue@3.5.34(typescript@5.9.3))
      vue:
        specifier: ^3.5.13
        version: 3.5.34(typescript@5.9.3)

packages:

  '@babel/helper-string-parser@7.29.7':
    resolution: {integrity: sha1-fwhx2Zgk0jE31g+G/PYTD9WhtR8=, tarball: http://registry.npm.xiaojukeji.com/@babel/helper-string-parser/download/@babel/helper-string-parser-7.29.7.tgz}
    engines: {node: '>=6.9.0'}

  '@babel/helper-validator-identifier@7.29.7':
    resolution: {integrity: sha1-vYcITO0MeW7Ea9pJLeboPSnon8I=, tarball: http://registry.npm.xiaojukeji.com/@babel/helper-validator-identifier/download/@babel/helper-validator-identifier-7.29.7.tgz}
    engines: {node: '>=6.9.0'}

  '@babel/parser@7.29.7':
    resolution: {integrity: sha1-g3uHOHy/XsVTDLY0s8Yi9o7bkzQ=, tarball: http://registry.npm.xiaojukeji.com/@babel/parser/download/@babel/parser-7.29.7.tgz}
    engines: {node: '>=6.0.0'}
    hasBin: true

  '@babel/types@7.29.7':
    resolution: {integrity: sha1-gAXjHYJxLuetrvbiPGO3GmJ3CpI=, tarball: http://registry.npm.xiaojukeji.com/@babel/types/download/@babel/types-7.29.7.tgz}
    engines: {node: '>=6.9.0'}

  '@ctrl/tinycolor@3.6.1':
    resolution: {integrity: sha1-tsdaVqGUfMkW6gWHctZmosiTLzE=, tarball: http://registry.npm.xiaojukeji.com/@ctrl/tinycolor/download/@ctrl/tinycolor-3.6.1.tgz}
    engines: {node: '>=10'}

  '@element-plus/icons-vue@2.3.2':
    resolution: {integrity: sha1-fpyyMftziyBW8z4iw6KeIUtTjc8=, tarball: http://registry.npm.xiaojukeji.com/@element-plus/icons-vue/download/@element-plus/icons-vue-2.3.2.tgz}
    peerDependencies:
      vue: ^3.2.0

  '@esbuild/android-arm64@0.18.20':
    resolution: {integrity: sha1-mEtPnI0Dd0Q8wt/O8mbQIkRZNiI=, tarball: http://registry.npm.xiaojukeji.com/@esbuild/android-arm64/download/@esbuild/android-arm64-0.18.20.tgz}
    engines: {node: '>=12'}
    cpu: [arm64]
    os: [android]

  '@esbuild/android-arm@0.18.20':
    resolution: {integrity: sha1-/tsmW8OlichMwR+BCATyNJR8NoI=, tarball: http://registry.npm.xiaojukeji.com/@esbuild/android-arm/download/@esbuild/android-arm-0.18.20.tgz}
    engines: {node: '>=12'}
    cpu: [arm]
    os: [android]

  '@esbuild/android-x64@0.18.20':
    resolution: {integrity: sha1-Nc9BnEz8i6voiT0pbNmQ6en3VvI=, tarball: http://registry.npm.xiaojukeji.com/@esbuild/android-x64/download/@esbuild/android-x64-0.18.20.tgz}
    engines: {node: '>=12'}
    cpu: [x64]
    os: [android]

  '@esbuild/darwin-arm64@0.18.20':
    resolution: {integrity: sha1-CBcsvsz5X7w4M5mn85z73a6w18E=, tarball: http://registry.npm.xiaojukeji.com/@esbuild/darwin-arm64/download/@esbuild/darwin-arm64-0.18.20.tgz}
    engines: {node: '>=12'}
    cpu: [arm64]
    os: [darwin]

  '@esbuild/darwin-x64@0.18.20':
    resolution: {integrity: sha1-1w1XkNi/R1VWtn0Pi3xb3/BT2F0=, tarball: http://registry.npm.xiaojukeji.com/@esbuild/darwin-x64/download/@esbuild/darwin-x64-0.18.20.tgz}
    engines: {node: '>=12'}
    cpu: [x64]
    os: [darwin]

  '@esbuild/freebsd-arm64@0.18.20':
    resolution: {integrity: sha1-mHVc0ScH+T8hDiSU1qS1G5aXf1Q=, tarball: http://registry.npm.xiaojukeji.com/@esbuild/freebsd-arm64/download/@esbuild/freebsd-arm64-0.18.20.tgz}
    engines: {node: '>=12'}
    cpu: [arm64]
    os: [freebsd]

  '@esbuild/freebsd-x64@0.18.20':
    resolution: {integrity: sha1-wesr/wORX4fCnOzkwaf6H0I7Bm4=, tarball: http://registry.npm.xiaojukeji.com/@esbuild/freebsd-x64/download/@esbuild/freebsd-x64-0.18.20.tgz}
    engines: {node: '>=12'}
    cpu: [x64]
    os: [freebsd]

  '@esbuild/linux-arm64@0.18.20':
    resolution: {integrity: sha1-utQji9j0/CW1oCEoDHcKtfw6AqA=, tarball: http://registry.npm.xiaojukeji.com/@esbuild/linux-arm64/download/@esbuild/linux-arm64-0.18.20.tgz}
    engines: {node: '>=12'}
    cpu: [arm64]
    os: [linux]

  '@esbuild/linux-arm@0.18.20':
    resolution: {integrity: sha1-PmF8YfM1CKJxUO5BdUPIq1rMc7A=, tarball: http://registry.npm.xiaojukeji.com/@esbuild/linux-arm/download/@esbuild/linux-arm-0.18.20.tgz}
    engines: {node: '>=12'}
    cpu: [arm]
    os: [linux]

  '@esbuild/linux-ia32@0.18.20':
    resolution: {integrity: sha1-aZORzMupruYBm3+YkuuZIZ8VcKc=, tarball: http://registry.npm.xiaojukeji.com/@esbuild/linux-ia32/download/@esbuild/linux-ia32-0.18.20.tgz}
    engines: {node: '>=12'}
    cpu: [ia32]
    os: [linux]

  '@esbuild/linux-loong64@0.18.20':
    resolution: {integrity: sha1-5vzLeqwXjdL/uYYEZayJ1/I7l30=, tarball: http://registry.npm.xiaojukeji.com/@esbuild/linux-loong64/download/@esbuild/linux-loong64-0.18.20.tgz}
    engines: {node: '>=12'}
    cpu: [loong64]
    os: [linux]

  '@esbuild/linux-mips64el@0.18.20':
    resolution: {integrity: sha1-7v86k33pwjEN4wYiqVetG9kYMjE=, tarball: http://registry.npm.xiaojukeji.com/@esbuild/linux-mips64el/download/@esbuild/linux-mips64el-0.18.20.tgz}
    engines: {node: '>=12'}
    cpu: [mips64el]
    os: [linux]

  '@esbuild/linux-ppc64@0.18.20':
    resolution: {integrity: sha1-L3FWveILAVJ5k+aIFDWtebqVmfs=, tarball: http://registry.npm.xiaojukeji.com/@esbuild/linux-ppc64/download/@esbuild/linux-ppc64-0.18.20.tgz}
    engines: {node: '>=12'}
    cpu: [ppc64]
    os: [linux]

  '@esbuild/linux-riscv64@0.18.20':
    resolution: {integrity: sha1-Zig4nyEBI9i0dDBFr4yqfU3fx6Y=, tarball: http://registry.npm.xiaojukeji.com/@esbuild/linux-riscv64/download/@esbuild/linux-riscv64-0.18.20.tgz}
    engines: {node: '>=12'}
    cpu: [riscv64]
    os: [linux]

  '@esbuild/linux-s390x@0.18.20':
    resolution: {integrity: sha1-JV6B+yibEBAmExhYq5n7pj3PAHE=, tarball: http://registry.npm.xiaojukeji.com/@esbuild/linux-s390x/download/@esbuild/linux-s390x-0.18.20.tgz}
    engines: {node: '>=12'}
    cpu: [s390x]
    os: [linux]

  '@esbuild/linux-x64@0.18.20':
    resolution: {integrity: sha1-x2kLNBevMYqbb5bfMDGohlF20zg=, tarball: http://registry.npm.xiaojukeji.com/@esbuild/linux-x64/download/@esbuild/linux-x64-0.18.20.tgz}
    engines: {node: '>=12'}
    cpu: [x64]
    os: [linux]

  '@esbuild/netbsd-x64@0.18.20':
    resolution: {integrity: sha1-MOjNij3e1jl14t8kOMoQlgHr4NE=, tarball: http://registry.npm.xiaojukeji.com/@esbuild/netbsd-x64/download/@esbuild/netbsd-x64-0.18.20.tgz}
    engines: {node: '>=12'}
    cpu: [x64]
    os: [netbsd]

  '@esbuild/openbsd-x64@0.18.20':
    resolution: {integrity: sha1-eBKvMbIFBVh0yAguqc+asNpiF64=, tarball: http://registry.npm.xiaojukeji.com/@esbuild/openbsd-x64/download/@esbuild/openbsd-x64-0.18.20.tgz}
    engines: {node: '>=12'}
    cpu: [x64]
    os: [openbsd]

  '@esbuild/sunos-x64@0.18.20':
    resolution: {integrity: sha1-1cJ1w7TnPJsOzTjRymLAIPiHq50=, tarball: http://registry.npm.xiaojukeji.com/@esbuild/sunos-x64/download/@esbuild/sunos-x64-0.18.20.tgz}
    engines: {node: '>=12'}
    cpu: [x64]
    os: [sunos]

  '@esbuild/win32-arm64@0.18.20':
    resolution: {integrity: sha1-c7x/Wp+Kd4BfNX+rl/KQ0OSCCsk=, tarball: http://registry.npm.xiaojukeji.com/@esbuild/win32-arm64/download/@esbuild/win32-arm64-0.18.20.tgz}
    engines: {node: '>=12'}
    cpu: [arm64]
    os: [win32]

  '@esbuild/win32-ia32@0.18.20':
    resolution: {integrity: sha1-7JPL8O8QhcwS5x4NZh0gVp/0IQI=, tarball: http://registry.npm.xiaojukeji.com/@esbuild/win32-ia32/download/@esbuild/win32-ia32-0.18.20.tgz}
    engines: {node: '>=12'}
    cpu: [ia32]
    os: [win32]

  '@esbuild/win32-x64@0.18.20':
    resolution: {integrity: sha1-eGxfQfBDsHr7GvN2g9fDNmiFj20=, tarball: http://registry.npm.xiaojukeji.com/@esbuild/win32-x64/download/@esbuild/win32-x64-0.18.20.tgz}
    engines: {node: '>=12'}
    cpu: [x64]
    os: [win32]

  '@floating-ui/core@1.7.5':
    resolution: {integrity: sha1-1K8VegMzCvWmDmnaekaSUHraBiI=, tarball: http://registry.npm.xiaojukeji.com/@floating-ui/core/download/@floating-ui/core-1.7.5.tgz}

  '@floating-ui/dom@1.7.6':
    resolution: {integrity: sha1-+RW7pau7F34fInys7htNBjSxh78=, tarball: http://registry.npm.xiaojukeji.com/@floating-ui/dom/download/@floating-ui/dom-1.7.6.tgz}

  '@floating-ui/utils@0.2.11':
    resolution: {integrity: sha1-omngVeQOL0WHO66dGi/cy9MU6j8=, tarball: http://registry.npm.xiaojukeji.com/@floating-ui/utils/download/@floating-ui/utils-0.2.11.tgz}

  '@jridgewell/sourcemap-codec@1.5.5':
    resolution: {integrity: sha1-aRKwDSxjHA0Vzhp6tXzWV/Ko+Lo=, tarball: http://registry.npm.xiaojukeji.com/@jridgewell/sourcemap-codec/download/@jridgewell/sourcemap-codec-1.5.5.tgz}

  '@sxzz/popperjs-es@2.11.7':
    resolution: {integrity: sha1-p/aeNmXT2psRX55xZx2uG5fhNnE=, tarball: http://registry.npm.xiaojukeji.com/@sxzz/popperjs-es/download/@sxzz/popperjs-es-2.11.7.tgz}

  '@types/lodash-es@4.17.12':
    resolution: {integrity: sha1-ZfbR5fgFOap8+/yWLeXe8M9PNBs=, tarball: http://registry.npm.xiaojukeji.com/@types/lodash-es/download/@types/lodash-es-4.17.12.tgz}

  '@types/lodash@4.17.24':
    resolution: {integrity: sha1-SuM0/GLA6RXKjtjjXcxtTuspIV8=, tarball: http://registry.npm.xiaojukeji.com/@types/lodash/download/@types/lodash-4.17.24.tgz}

  '@types/web-bluetooth@0.0.20':
    resolution: {integrity: sha1-8Gar/NHL5mJnzbvw3gENikG0FZc=, tarball: http://registry.npm.xiaojukeji.com/@types/web-bluetooth/download/@types/web-bluetooth-0.0.20.tgz}

  '@vitejs/plugin-vue@4.6.2':
    resolution: {integrity: sha1-BX0t7ZTE5xuU6YFPktzZMGMXqkY=, tarball: http://registry.npm.xiaojukeji.com/@vitejs/plugin-vue/download/@vitejs/plugin-vue-4.6.2.tgz}
    engines: {node: ^14.18.0 || >=16.0.0}
    peerDependencies:
      vite: ^4.0.0 || ^5.0.0
      vue: ^3.2.25

  '@volar/language-core@2.4.15':
    resolution: {integrity: sha1-dZ0Ey06rmSBWC4vPpFFdWwiht84=, tarball: http://registry.npm.xiaojukeji.com/@volar/language-core/download/@volar/language-core-2.4.15.tgz}

  '@volar/source-map@2.4.15':
    resolution: {integrity: sha1-GKugmZTAJo5ZpBj51zjkqFMCeB0=, tarball: http://registry.npm.xiaojukeji.com/@volar/source-map/download/@volar/source-map-2.4.15.tgz}

  '@volar/typescript@2.4.15':
    resolution: {integrity: sha1-FEXSP45Pmtghtr+ljPSiuYDcX5c=, tarball: http://registry.npm.xiaojukeji.com/@volar/typescript/download/@volar/typescript-2.4.15.tgz}

  '@vue/compiler-core@3.5.34':
    resolution: {integrity: sha1-bYSka3/fEWLPgiWqK+QpGKdquCc=, tarball: http://registry.npm.xiaojukeji.com/@vue/compiler-core/download/@vue/compiler-core-3.5.34.tgz}

  '@vue/compiler-core@3.5.38':
    resolution: {integrity: sha1-+2Z51Qpd4Zg5ih3yzp06Se+OgHI=, tarball: http://registry.npm.xiaojukeji.com/@vue/compiler-core/download/@vue/compiler-core-3.5.38.tgz}

  '@vue/compiler-dom@3.5.34':
    resolution: {integrity: sha1-a5Q+gQaCKGjnTWbGFUMru6alib4=, tarball: http://registry.npm.xiaojukeji.com/@vue/compiler-dom/download/@vue/compiler-dom-3.5.34.tgz}

  '@vue/compiler-dom@3.5.38':
    resolution: {integrity: sha1-EK1zpwOZpMCd7fRf9qk9Qurchh8=, tarball: http://registry.npm.xiaojukeji.com/@vue/compiler-dom/download/@vue/compiler-dom-3.5.38.tgz}

  '@vue/compiler-sfc@3.5.34':
    resolution: {integrity: sha1-k7auszk817PHH/B/KIeVWPcuXx0=, tarball: http://registry.npm.xiaojukeji.com/@vue/compiler-sfc/download/@vue/compiler-sfc-3.5.34.tgz}

  '@vue/compiler-ssr@3.5.34':
    resolution: {integrity: sha1-BWGuP5uBVkkpqFRHae7pzJKnbEI=, tarball: http://registry.npm.xiaojukeji.com/@vue/compiler-ssr/download/@vue/compiler-ssr-3.5.34.tgz}

  '@vue/compiler-vue2@2.7.16':
    resolution: {integrity: sha1-K6g3y9PxszwryGX74aO1P7YR4kk=, tarball: http://registry.npm.xiaojukeji.com/@vue/compiler-vue2/download/@vue/compiler-vue2-2.7.16.tgz}

  '@vue/devtools-api@6.6.4':
    resolution: {integrity: sha1-y+l/4BYrNl7cHbqA4XP5BJJTU0M=, tarball: http://registry.npm.xiaojukeji.com/@vue/devtools-api/download/@vue/devtools-api-6.6.4.tgz}

  '@vue/language-core@2.2.12':
    resolution: {integrity: sha1-0B9+hl9ZP5aMtlwSoT2DN+ZWQfA=, tarball: http://registry.npm.xiaojukeji.com/@vue/language-core/download/@vue/language-core-2.2.12.tgz}
    peerDependencies:
      typescript: '*'
    peerDependenciesMeta:
      typescript:
        optional: true

  '@vue/reactivity@3.5.34':
    resolution: {integrity: sha1-1BNV9+ixeEB46kmOx9l05OJtS3Q=, tarball: http://registry.npm.xiaojukeji.com/@vue/reactivity/download/@vue/reactivity-3.5.34.tgz}

  '@vue/runtime-core@3.5.34':
    resolution: {integrity: sha1-G0zi6/lNZwrL2PItkuRZCOKiyWo=, tarball: http://registry.npm.xiaojukeji.com/@vue/runtime-core/download/@vue/runtime-core-3.5.34.tgz}

  '@vue/runtime-dom@3.5.34':
    resolution: {integrity: sha1-G05cAJ/p1s5oLPwjctpKvUBhTSk=, tarball: http://registry.npm.xiaojukeji.com/@vue/runtime-dom/download/@vue/runtime-dom-3.5.34.tgz}

  '@vue/server-renderer@3.5.34':
    resolution: {integrity: sha1-4Hdvg5MStBEftb10KnD0NSmKPiE=, tarball: http://registry.npm.xiaojukeji.com/@vue/server-renderer/download/@vue/server-renderer-3.5.34.tgz}
    peerDependencies:
      vue: 3.5.34

  '@vue/shared@3.5.34':
    resolution: {integrity: sha1-Zl8rL9YA9sGAZoQjkJpv3mTL/M0=, tarball: http://registry.npm.xiaojukeji.com/@vue/shared/download/@vue/shared-3.5.34.tgz}

  '@vue/shared@3.5.38':
    resolution: {integrity: sha1-bEvk3v2GzcNb+it91F17EaXVEQE=, tarball: http://registry.npm.xiaojukeji.com/@vue/shared/download/@vue/shared-3.5.38.tgz}

  '@vueuse/core@10.11.1':
    resolution: {integrity: sha1-FdLAtkSNIhIjWyOnuinCcXPgwsY=, tarball: http://registry.npm.xiaojukeji.com/@vueuse/core/download/@vueuse/core-10.11.1.tgz}

  '@vueuse/metadata@10.11.1':
    resolution: {integrity: sha1-IJ23u1kVqhcqh1ELbeLKAcrb0qc=, tarball: http://registry.npm.xiaojukeji.com/@vueuse/metadata/download/@vueuse/metadata-10.11.1.tgz}

  '@vueuse/shared@10.11.1':
    resolution: {integrity: sha1-YrhOMRiubh8/849PvnGwxdDxCTg=, tarball: http://registry.npm.xiaojukeji.com/@vueuse/shared/download/@vueuse/shared-10.11.1.tgz}

  agent-base@6.0.2:
    resolution: {integrity: sha1-Sf/1hXfP7j83F2/qtMIuAPhtf3c=, tarball: http://registry.npm.xiaojukeji.com/agent-base/download/agent-base-6.0.2.tgz}
    engines: {node: '>= 6.0.0'}

  alien-signals@1.0.13:
    resolution: {integrity: sha1-jW23NGL3Qu5riWcfvYw30LFyen4=, tarball: http://registry.npm.xiaojukeji.com/alien-signals/download/alien-signals-1.0.13.tgz}

  anymatch@3.1.3:
    resolution: {integrity: sha1-eQxYsZuhcgqEIFtXxhjVrYUklz4=, tarball: http://registry.npm.xiaojukeji.com/anymatch/download/anymatch-3.1.3.tgz}
    engines: {node: '>= 8'}

  async-validator@4.2.5:
    resolution: {integrity: sha1-yW6jMypSFpnQr6rO7VEKVGVsYzk=, tarball: http://registry.npm.xiaojukeji.com/async-validator/download/async-validator-4.2.5.tgz}

  asynckit@0.4.0:
    resolution: {integrity: sha1-x57Zf380y48robyXkLzDZkdLS3k=, tarball: http://registry.npm.xiaojukeji.com/asynckit/download/asynckit-0.4.0.tgz}

  axios@1.17.0:
    resolution: {integrity: sha1-rloRZKT3GZQs1zxn5qP2LTzLjys=, tarball: http://registry.npm.xiaojukeji.com/axios/download/axios-1.17.0.tgz}

  balanced-match@1.0.2:
    resolution: {integrity: sha1-6D46fj8wCzTLnYf2FfoMvzV2kO4=, tarball: http://registry.npm.xiaojukeji.com/balanced-match/download/balanced-match-1.0.2.tgz}

  binary-extensions@2.3.0:
    resolution: {integrity: sha1-9uFKl4WNMnJSIAJC1Mz+UixEVSI=, tarball: http://registry.npm.xiaojukeji.com/binary-extensions/download/binary-extensions-2.3.0.tgz}
    engines: {node: '>=8'}

  brace-expansion@2.1.1:
    resolution: {integrity: sha1-xoscQRHHaq46b7pV1JbO4Qw52tg=, tarball: http://registry.npm.xiaojukeji.com/brace-expansion/download/brace-expansion-2.1.1.tgz}

  braces@3.0.3:
    resolution: {integrity: sha1-SQMy9AkZRSJy1VqEgK3AxEE1h4k=, tarball: http://registry.npm.xiaojukeji.com/braces/download/braces-3.0.3.tgz}
    engines: {node: '>=8'}

  call-bind-apply-helpers@1.0.2:
    resolution: {integrity: sha1-S1QowiK+mF15w9gmV0edvgtZstY=, tarball: http://registry.npm.xiaojukeji.com/call-bind-apply-helpers/download/call-bind-apply-helpers-1.0.2.tgz}
    engines: {node: '>= 0.4'}

  chokidar@3.6.0:
    resolution: {integrity: sha1-GXxsxmnvKo3F57TZfuTgksPrDVs=, tarball: http://registry.npm.xiaojukeji.com/chokidar/download/chokidar-3.6.0.tgz}
    engines: {node: '>= 8.10.0'}

  combined-stream@1.0.8:
    resolution: {integrity: sha1-w9RaizT9cwYxoRCoolIGgrMdWn8=, tarball: http://registry.npm.xiaojukeji.com/combined-stream/download/combined-stream-1.0.8.tgz}
    engines: {node: '>= 0.8'}

  csstype@3.2.3:
    resolution: {integrity: sha1-7EjA8+mT5QZIyG2lWeJhCZXPmJo=, tarball: http://registry.npm.xiaojukeji.com/csstype/download/csstype-3.2.3.tgz}

  dayjs@1.11.21:
    resolution: {integrity: sha1-V/h1YuYt5288cEvSuNUi/DMGjrI=, tarball: http://registry.npm.xiaojukeji.com/dayjs/download/dayjs-1.11.21.tgz}

  de-indent@1.0.2:
    resolution: {integrity: sha1-sgOOhG3DO6pXlhKNCAS0VbjB4h0=, tarball: http://registry.npm.xiaojukeji.com/de-indent/download/de-indent-1.0.2.tgz}

  debug@4.4.3:
    resolution: {integrity: sha1-xq5DLZvZZiWC/OCHCbA4xY6ePWo=, tarball: http://registry.npm.xiaojukeji.com/debug/download/debug-4.4.3.tgz}
    engines: {node: '>=6.0'}
    peerDependencies:
      supports-color: '*'
    peerDependenciesMeta:
      supports-color:
        optional: true

  delayed-stream@1.0.0:
    resolution: {integrity: sha1-3zrhmayt+31ECqrgsp4icrJOxhk=, tarball: http://registry.npm.xiaojukeji.com/delayed-stream/download/delayed-stream-1.0.0.tgz}
    engines: {node: '>=0.4.0'}

  dunder-proto@1.0.1:
    resolution: {integrity: sha1-165mfh3INIL4tw/Q9u78UNow9Yo=, tarball: http://registry.npm.xiaojukeji.com/dunder-proto/download/dunder-proto-1.0.1.tgz}
    engines: {node: '>= 0.4'}

  element-plus@2.13.1:
    resolution: {integrity: sha1-LMYFnaDw8hfyfWV/UUCkXssP0iE=, tarball: http://registry.npm.xiaojukeji.com/element-plus/download/element-plus-2.13.1.tgz}
    peerDependencies:
      vue: ^3.3.0

  entities@7.0.1:
    resolution: {integrity: sha1-JuioiInbY0F9y5oeeaPxvJK1l2s=, tarball: http://registry.npm.xiaojukeji.com/entities/download/entities-7.0.1.tgz}
    engines: {node: '>=0.12'}

  es-define-property@1.0.1:
    resolution: {integrity: sha1-mD6y+aZyTpMD9hrd8BHHLgngsPo=, tarball: http://registry.npm.xiaojukeji.com/es-define-property/download/es-define-property-1.0.1.tgz}
    engines: {node: '>= 0.4'}

  es-errors@1.3.0:
    resolution: {integrity: sha1-BfdaJdq5jk+x3NXhRywFRtUFfI8=, tarball: http://registry.npm.xiaojukeji.com/es-errors/download/es-errors-1.3.0.tgz}
    engines: {node: '>= 0.4'}

  es-object-atoms@1.1.1:
    resolution: {integrity: sha1-HE8sSDcydZfOadLKGQp/3RcjOME=, tarball: http://registry.npm.xiaojukeji.com/es-object-atoms/download/es-object-atoms-1.1.1.tgz}
    engines: {node: '>= 0.4'}

  es-set-tostringtag@2.1.0:
    resolution: {integrity: sha1-8x274MGDsAptJutjJcgQwP0YvU0=, tarball: http://registry.npm.xiaojukeji.com/es-set-tostringtag/download/es-set-tostringtag-2.1.0.tgz}
    engines: {node: '>= 0.4'}

  esbuild@0.18.20:
    resolution: {integrity: sha1-Rwn1o0gBtDt5mrfW2C9yhKm3p6Y=, tarball: http://registry.npm.xiaojukeji.com/esbuild/download/esbuild-0.18.20.tgz}
    engines: {node: '>=12'}
    hasBin: true

  estree-walker@2.0.2:
    resolution: {integrity: sha1-UvAQF4wqTBF6d1fP6UKtt9LaTKw=, tarball: http://registry.npm.xiaojukeji.com/estree-walker/download/estree-walker-2.0.2.tgz}

  fill-range@7.1.1:
    resolution: {integrity: sha1-RCZdPKwH4+p9wkdRY4BkN1SgUpI=, tarball: http://registry.npm.xiaojukeji.com/fill-range/download/fill-range-7.1.1.tgz}
    engines: {node: '>=8'}

  follow-redirects@1.16.0:
    resolution: {integrity: sha1-KEdKFZ07nRHvYgUKFO1g5N9tYbw=, tarball: http://registry.npm.xiaojukeji.com/follow-redirects/download/follow-redirects-1.16.0.tgz}
    engines: {node: '>=4.0'}
    peerDependencies:
      debug: '*'
    peerDependenciesMeta:
      debug:
        optional: true

  form-data@4.0.5:
    resolution: {integrity: sha1-tJ5IhYBF/0y/awPhgFzrytNnkFM=, tarball: http://registry.npm.xiaojukeji.com/form-data/download/form-data-4.0.5.tgz}
    engines: {node: '>= 6'}

  fsevents@2.3.3:
    resolution: {integrity: sha1-ysZAd4XQNnWipeGlMFxpezR9kNY=, tarball: http://registry.npm.xiaojukeji.com/fsevents/download/fsevents-2.3.3.tgz}
    engines: {node: ^8.16.0 || ^10.6.0 || >=11.0.0}
    os: [darwin]

  function-bind@1.1.2:
    resolution: {integrity: sha1-LALYZNl/PqbIgwxGTL0Rq26rehw=, tarball: http://registry.npm.xiaojukeji.com/function-bind/download/function-bind-1.1.2.tgz}

  get-intrinsic@1.3.0:
    resolution: {integrity: sha1-dD8OO2lkqTpUke0b/6rgVNf5jQE=, tarball: http://registry.npm.xiaojukeji.com/get-intrinsic/download/get-intrinsic-1.3.0.tgz}
    engines: {node: '>= 0.4'}

  get-proto@1.0.1:
    resolution: {integrity: sha1-FQs/J0OGnvPoUewMSdFbHRTQDuE=, tarball: http://registry.npm.xiaojukeji.com/get-proto/download/get-proto-1.0.1.tgz}
    engines: {node: '>= 0.4'}

  glob-parent@5.1.2:
    resolution: {integrity: sha1-hpgyxYA0/mikCTwX3BXoNA2EAcQ=, tarball: http://registry.npm.xiaojukeji.com/glob-parent/download/glob-parent-5.1.2.tgz}
    engines: {node: '>= 6'}

  gopd@1.2.0:
    resolution: {integrity: sha1-ifVrghe9vIgCvSmd9tfxCB1+UaE=, tarball: http://registry.npm.xiaojukeji.com/gopd/download/gopd-1.2.0.tgz}
    engines: {node: '>= 0.4'}

  has-symbols@1.1.0:
    resolution: {integrity: sha1-/JxqeDoISVHQuXH+EBjegTcHozg=, tarball: http://registry.npm.xiaojukeji.com/has-symbols/download/has-symbols-1.1.0.tgz}
    engines: {node: '>= 0.4'}

  has-tostringtag@1.0.2:
    resolution: {integrity: sha1-LNxC1AvvLltO6rfAGnPFTOerWrw=, tarball: http://registry.npm.xiaojukeji.com/has-tostringtag/download/has-tostringtag-1.0.2.tgz}
    engines: {node: '>= 0.4'}

  hasown@2.0.4:
    resolution: {integrity: sha1-jGLYy5C+sqrV0KW2dYGtmFTD8AM=, tarball: http://registry.npm.xiaojukeji.com/hasown/download/hasown-2.0.4.tgz}
    engines: {node: '>= 0.4'}

  he@1.2.0:
    resolution: {integrity: sha1-hK5l+n6vsWX922FWauFLrwVmTw8=, tarball: http://registry.npm.xiaojukeji.com/he/download/he-1.2.0.tgz}
    hasBin: true

  https-proxy-agent@5.0.1:
    resolution: {integrity: sha1-xZ7yJKBP6LdU89sAY6Jeow0ABdY=, tarball: http://registry.npm.xiaojukeji.com/https-proxy-agent/download/https-proxy-agent-5.0.1.tgz}
    engines: {node: '>= 6'}

  immutable@4.3.8:
    resolution: {integrity: sha1-AtGDx3J/srsdXQOA2g13nc6Slqc=, tarball: http://registry.npm.xiaojukeji.com/immutable/download/immutable-4.3.8.tgz}

  is-binary-path@2.1.0:
    resolution: {integrity: sha1-6h9/O4DwZCNug0cPhsCcJU+0Wwk=, tarball: http://registry.npm.xiaojukeji.com/is-binary-path/download/is-binary-path-2.1.0.tgz}
    engines: {node: '>=8'}

  is-extglob@2.1.1:
    resolution: {integrity: sha1-qIwCU1eR8C7TfHahueqXc8gz+MI=, tarball: http://registry.npm.xiaojukeji.com/is-extglob/download/is-extglob-2.1.1.tgz}
    engines: {node: '>=0.10.0'}

  is-glob@4.0.3:
    resolution: {integrity: sha1-ZPYeQsu7LuwgcanawLKLoeZdUIQ=, tarball: http://registry.npm.xiaojukeji.com/is-glob/download/is-glob-4.0.3.tgz}
    engines: {node: '>=0.10.0'}

  is-number@7.0.0:
    resolution: {integrity: sha1-dTU0W4lnNNX4DE0GxQlVUnoU8Ss=, tarball: http://registry.npm.xiaojukeji.com/is-number/download/is-number-7.0.0.tgz}
    engines: {node: '>=0.12.0'}

  lodash-es@4.18.1:
    resolution: {integrity: sha1-uWLuuA2dmDqQC/NClh+3QYyhCx0=, tarball: http://registry.npm.xiaojukeji.com/lodash-es/download/lodash-es-4.18.1.tgz}

  lodash-unified@1.0.3:
    resolution: {integrity: sha1-gLHqwQ7S6wLtGJ8IYUopwn0HyJQ=, tarball: http://registry.npm.xiaojukeji.com/lodash-unified/download/lodash-unified-1.0.3.tgz}
    peerDependencies:
      '@types/lodash-es': '*'
      lodash: '*'
      lodash-es: '*'

  lodash@4.18.1:
    resolution: {integrity: sha1-/ytmwfYybVlRPeJAe/iBQ5gSdxw=, tarball: http://registry.npm.xiaojukeji.com/lodash/download/lodash-4.18.1.tgz}

  magic-string@0.30.21:
    resolution: {integrity: sha1-VnY+wJoPqAkd8nh5/ZTRkHjADZE=, tarball: http://registry.npm.xiaojukeji.com/magic-string/download/magic-string-0.30.21.tgz}

  math-intrinsics@1.1.0:
    resolution: {integrity: sha1-oN10voHiqlwvJ+Zc4oNgXuTit/k=, tarball: http://registry.npm.xiaojukeji.com/math-intrinsics/download/math-intrinsics-1.1.0.tgz}
    engines: {node: '>= 0.4'}

  memoize-one@6.0.0:
    resolution: {integrity: sha1-slkbhx7YKUiu5HJ9xqvO7qyMEEU=, tarball: http://registry.npm.xiaojukeji.com/memoize-one/download/memoize-one-6.0.0.tgz}

  mime-db@1.52.0:
    resolution: {integrity: sha1-u6vNwChZ9JhzAchW4zh85exDv3A=, tarball: http://registry.npm.xiaojukeji.com/mime-db/download/mime-db-1.52.0.tgz}
    engines: {node: '>= 0.6'}

  mime-types@2.1.35:
    resolution: {integrity: sha1-OBqHG2KnNEUGYK497uRIE/cNlZo=, tarball: http://registry.npm.xiaojukeji.com/mime-types/download/mime-types-2.1.35.tgz}
    engines: {node: '>= 0.6'}

  minimatch@9.0.9:
    resolution: {integrity: sha1-mwy5/LeAh/b9fqur4lEcTT1gV04=, tarball: http://registry.npm.xiaojukeji.com/minimatch/download/minimatch-9.0.9.tgz}
    engines: {node: '>=16 || 14 >=14.17'}

  ms@2.1.3:
    resolution: {integrity: sha1-V0yBOM4dK1hh8LRFedut1gxmFbI=, tarball: http://registry.npm.xiaojukeji.com/ms/download/ms-2.1.3.tgz}

  muggle-string@0.4.1:
    resolution: {integrity: sha1-OzZr1Dsy+AncIGWVNN0w58ig0yg=, tarball: http://registry.npm.xiaojukeji.com/muggle-string/download/muggle-string-0.4.1.tgz}

  nanoid@3.3.12:
    resolution: {integrity: sha1-qz2RLiF6bQpRTwCnKhZUOiiYLAU=, tarball: http://registry.npm.xiaojukeji.com/nanoid/download/nanoid-3.3.12.tgz}
    engines: {node: ^10 || ^12 || ^13.7 || ^14 || >=15.0.1}
    hasBin: true

  normalize-path@3.0.0:
    resolution: {integrity: sha1-Dc1p/yOhybEf0JeDFmRKA4ghamU=, tarball: http://registry.npm.xiaojukeji.com/normalize-path/download/normalize-path-3.0.0.tgz}
    engines: {node: '>=0.10.0'}

  normalize-wheel-es@1.2.0:
    resolution: {integrity: sha1-D6JZPWGfckWlQWUmGRBasHas8J4=, tarball: http://registry.npm.xiaojukeji.com/normalize-wheel-es/download/normalize-wheel-es-1.2.0.tgz}

  path-browserify@1.0.1:
    resolution: {integrity: sha1-2YRUqcN1PVeQhg8W9ohnueRr4f0=, tarball: http://registry.npm.xiaojukeji.com/path-browserify/download/path-browserify-1.0.1.tgz}

  picocolors@1.1.1:
    resolution: {integrity: sha1-PTIa8+q5ObCDyPkpodEs2oHCa2s=, tarball: http://registry.npm.xiaojukeji.com/picocolors/download/picocolors-1.1.1.tgz}

  picomatch@2.3.2:
    resolution: {integrity: sha1-WpQpFeJrNy3A8OZ1MUmhbmscVgE=, tarball: http://registry.npm.xiaojukeji.com/picomatch/download/picomatch-2.3.2.tgz}
    engines: {node: '>=8.6'}

  pinia@2.3.1:
    resolution: {integrity: sha1-VMR2Z1ty9avPr6JKdYJTHqjCPZQ=, tarball: http://registry.npm.xiaojukeji.com/pinia/download/pinia-2.3.1.tgz}
    peerDependencies:
      typescript: '>=4.4.4'
      vue: ^2.7.0 || ^3.5.11
    peerDependenciesMeta:
      typescript:
        optional: true

  postcss@8.5.15:
    resolution: {integrity: sha1-0er2d6Mk6ewCGW2i0/7PSguac1w=, tarball: http://registry.npm.xiaojukeji.com/postcss/download/postcss-8.5.15.tgz}
    engines: {node: ^10 || ^12 || >=14}

  proxy-from-env@2.1.0:
    resolution: {integrity: sha1-p0h1aK2tV3z6qn6IxJyrOrMIGro=, tarball: http://registry.npm.xiaojukeji.com/proxy-from-env/download/proxy-from-env-2.1.0.tgz}
    engines: {node: '>=10'}

  readdirp@3.6.0:
    resolution: {integrity: sha1-dKNwvYVxFuJFspzJc0DNQxoCpsc=, tarball: http://registry.npm.xiaojukeji.com/readdirp/download/readdirp-3.6.0.tgz}
    engines: {node: '>=8.10.0'}

  rollup@3.30.0:
    resolution: {integrity: sha1-P6UG/uLFup1UCjjahwZzds1Vlm0=, tarball: http://registry.npm.xiaojukeji.com/rollup/download/rollup-3.30.0.tgz}
    engines: {node: '>=14.18.0', npm: '>=8.0.0'}
    hasBin: true

  sass@1.69.7:
    resolution: {integrity: sha1-bn4cj1HoFi+uw+lhm6vH2ngK87c=, tarball: http://registry.npm.xiaojukeji.com/sass/download/sass-1.69.7.tgz}
    engines: {node: '>=14.0.0'}
    hasBin: true

  source-map-js@1.2.1:
    resolution: {integrity: sha1-HOVlD93YerwJnto33P8CTCZnrkY=, tarball: http://registry.npm.xiaojukeji.com/source-map-js/download/source-map-js-1.2.1.tgz}
    engines: {node: '>=0.10.0'}

  to-regex-range@5.0.1:
    resolution: {integrity: sha1-FkjESq58jZiKMmAY7XL1tN0DkuQ=, tarball: http://registry.npm.xiaojukeji.com/to-regex-range/download/to-regex-range-5.0.1.tgz}
    engines: {node: '>=8.0'}

  typescript@5.9.3:
    resolution: {integrity: sha1-W09Z4VMQqxeiFvXWz1PuR27eZw8=, tarball: http://registry.npm.xiaojukeji.com/typescript/download/typescript-5.9.3.tgz}
    engines: {node: '>=14.17'}
    hasBin: true

  vite@4.5.14:
    resolution: {integrity: sha1-LmUrwdiYJl2YfWVDzoZuzWX6QIY=, tarball: http://registry.npm.xiaojukeji.com/vite/download/vite-4.5.14.tgz}
    engines: {node: ^14.18.0 || >=16.0.0}
    hasBin: true
    peerDependencies:
      '@types/node': '>= 14'
      less: '*'
      lightningcss: ^1.21.0
      sass: '*'
      stylus: '*'
      sugarss: '*'
      terser: ^5.4.0
    peerDependenciesMeta:
      '@types/node':
        optional: true
      less:
        optional: true
      lightningcss:
        optional: true
      sass:
        optional: true
      stylus:
        optional: true
      sugarss:
        optional: true
      terser:
        optional: true

  vscode-uri@3.1.0:
    resolution: {integrity: sha1-3QnsWmaji1w//8d0AVcTSW0U4Jw=, tarball: http://registry.npm.xiaojukeji.com/vscode-uri/download/vscode-uri-3.1.0.tgz}

  vue-demi@0.14.10:
    resolution: {integrity: sha1-r8eN49b54Rv3jFXoUQ7hKBRSLwQ=, tarball: http://registry.npm.xiaojukeji.com/vue-demi/download/vue-demi-0.14.10.tgz}
    engines: {node: '>=12'}
    hasBin: true
    peerDependencies:
      '@vue/composition-api': ^1.0.0-rc.1
      vue: ^3.0.0-0 || ^2.6.0
    peerDependenciesMeta:
      '@vue/composition-api':
        optional: true

  vue-router@4.6.4:
    resolution: {integrity: sha1-oKnLnvgRoQbSSeS7kxPShnGAINg=, tarball: http://registry.npm.xiaojukeji.com/vue-router/download/vue-router-4.6.4.tgz}
    peerDependencies:
      vue: ^3.5.0

  vue-tsc@2.2.12:
    resolution: {integrity: sha1-X3GbCO9zkKdjwaIBacpcnQnVVog=, tarball: http://registry.npm.xiaojukeji.com/vue-tsc/download/vue-tsc-2.2.12.tgz}
    hasBin: true
    peerDependencies:
      typescript: '>=5.0.0'

  vue@3.5.34:
    resolution: {integrity: sha1-OyVuswlkQWr2QGp5X8/XpXc6k8U=, tarball: http://registry.npm.xiaojukeji.com/vue/download/vue-3.5.34.tgz}
    peerDependencies:
      typescript: '*'
    peerDependenciesMeta:
      typescript:
        optional: true

snapshots:

  '@babel/helper-string-parser@7.29.7': {}

  '@babel/helper-validator-identifier@7.29.7': {}

  '@babel/parser@7.29.7':
    dependencies:
      '@babel/types': 7.29.7

  '@babel/types@7.29.7':
    dependencies:
      '@babel/helper-string-parser': 7.29.7
      '@babel/helper-validator-identifier': 7.29.7

  '@ctrl/tinycolor@3.6.1': {}

  '@element-plus/icons-vue@2.3.2(vue@3.5.34(typescript@5.9.3))':
    dependencies:
      vue: 3.5.34(typescript@5.9.3)

  '@esbuild/android-arm64@0.18.20':
    optional: true

  '@esbuild/android-arm@0.18.20':
    optional: true

  '@esbuild/android-x64@0.18.20':
    optional: true

  '@esbuild/darwin-arm64@0.18.20':
    optional: true

  '@esbuild/darwin-x64@0.18.20':
    optional: true

  '@esbuild/freebsd-arm64@0.18.20':
    optional: true

  '@esbuild/freebsd-x64@0.18.20':
    optional: true

  '@esbuild/linux-arm64@0.18.20':
    optional: true

  '@esbuild/linux-arm@0.18.20':
    optional: true

  '@esbuild/linux-ia32@0.18.20':
    optional: true

  '@esbuild/linux-loong64@0.18.20':
    optional: true

  '@esbuild/linux-mips64el@0.18.20':
    optional: true

  '@esbuild/linux-ppc64@0.18.20':
    optional: true

  '@esbuild/linux-riscv64@0.18.20':
    optional: true

  '@esbuild/linux-s390x@0.18.20':
    optional: true

  '@esbuild/linux-x64@0.18.20':
    optional: true

  '@esbuild/netbsd-x64@0.18.20':
    optional: true

  '@esbuild/openbsd-x64@0.18.20':
    optional: true

  '@esbuild/sunos-x64@0.18.20':
    optional: true

  '@esbuild/win32-arm64@0.18.20':
    optional: true

  '@esbuild/win32-ia32@0.18.20':
    optional: true

  '@esbuild/win32-x64@0.18.20':
    optional: true

  '@floating-ui/core@1.7.5':
    dependencies:
      '@floating-ui/utils': 0.2.11

  '@floating-ui/dom@1.7.6':
    dependencies:
      '@floating-ui/core': 1.7.5
      '@floating-ui/utils': 0.2.11

  '@floating-ui/utils@0.2.11': {}

  '@jridgewell/sourcemap-codec@1.5.5': {}

  '@sxzz/popperjs-es@2.11.7': {}

  '@types/lodash-es@4.17.12':
    dependencies:
      '@types/lodash': 4.17.24

  '@types/lodash@4.17.24': {}

  '@types/web-bluetooth@0.0.20': {}

  '@vitejs/plugin-vue@4.6.2(vite@4.5.14(sass@1.69.7))(vue@3.5.34(typescript@5.9.3))':
    dependencies:
      vite: 4.5.14(sass@1.69.7)
      vue: 3.5.34(typescript@5.9.3)

  '@volar/language-core@2.4.15':
    dependencies:
      '@volar/source-map': 2.4.15

  '@volar/source-map@2.4.15': {}

  '@volar/typescript@2.4.15':
    dependencies:
      '@volar/language-core': 2.4.15
      path-browserify: 1.0.1
      vscode-uri: 3.1.0

  '@vue/compiler-core@3.5.34':
    dependencies:
      '@babel/parser': 7.29.7
      '@vue/shared': 3.5.34
      entities: 7.0.1
      estree-walker: 2.0.2
      source-map-js: 1.2.1

  '@vue/compiler-core@3.5.38':
    dependencies:
      '@babel/parser': 7.29.7
      '@vue/shared': 3.5.38
      entities: 7.0.1
      estree-walker: 2.0.2
      source-map-js: 1.2.1

  '@vue/compiler-dom@3.5.34':
    dependencies:
      '@vue/compiler-core': 3.5.34
      '@vue/shared': 3.5.34

  '@vue/compiler-dom@3.5.38':
    dependencies:
      '@vue/compiler-core': 3.5.38
      '@vue/shared': 3.5.38

  '@vue/compiler-sfc@3.5.34':
    dependencies:
      '@babel/parser': 7.29.7
      '@vue/compiler-core': 3.5.34
      '@vue/compiler-dom': 3.5.34
      '@vue/compiler-ssr': 3.5.34
      '@vue/shared': 3.5.34
      estree-walker: 2.0.2
      magic-string: 0.30.21
      postcss: 8.5.15
      source-map-js: 1.2.1

  '@vue/compiler-ssr@3.5.34':
    dependencies:
      '@vue/compiler-dom': 3.5.34
      '@vue/shared': 3.5.34

  '@vue/compiler-vue2@2.7.16':
    dependencies:
      de-indent: 1.0.2
      he: 1.2.0

  '@vue/devtools-api@6.6.4': {}

  '@vue/language-core@2.2.12(typescript@5.9.3)':
    dependencies:
      '@volar/language-core': 2.4.15
      '@vue/compiler-dom': 3.5.38
      '@vue/compiler-vue2': 2.7.16
      '@vue/shared': 3.5.38
      alien-signals: 1.0.13
      minimatch: 9.0.9
      muggle-string: 0.4.1
      path-browserify: 1.0.1
    optionalDependencies:
      typescript: 5.9.3

  '@vue/reactivity@3.5.34':
    dependencies:
      '@vue/shared': 3.5.34

  '@vue/runtime-core@3.5.34':
    dependencies:
      '@vue/reactivity': 3.5.34
      '@vue/shared': 3.5.34

  '@vue/runtime-dom@3.5.34':
    dependencies:
      '@vue/reactivity': 3.5.34
      '@vue/runtime-core': 3.5.34
      '@vue/shared': 3.5.34
      csstype: 3.2.3

  '@vue/server-renderer@3.5.34(vue@3.5.34(typescript@5.9.3))':
    dependencies:
      '@vue/compiler-ssr': 3.5.34
      '@vue/shared': 3.5.34
      vue: 3.5.34(typescript@5.9.3)

  '@vue/shared@3.5.34': {}

  '@vue/shared@3.5.38': {}

  '@vueuse/core@10.11.1(vue@3.5.34(typescript@5.9.3))':
    dependencies:
      '@types/web-bluetooth': 0.0.20
      '@vueuse/metadata': 10.11.1
      '@vueuse/shared': 10.11.1(vue@3.5.34(typescript@5.9.3))
      vue-demi: 0.14.10(vue@3.5.34(typescript@5.9.3))
    transitivePeerDependencies:
      - '@vue/composition-api'
      - vue

  '@vueuse/metadata@10.11.1': {}

  '@vueuse/shared@10.11.1(vue@3.5.34(typescript@5.9.3))':
    dependencies:
      vue-demi: 0.14.10(vue@3.5.34(typescript@5.9.3))
    transitivePeerDependencies:
      - '@vue/composition-api'
      - vue

  agent-base@6.0.2:
    dependencies:
      debug: 4.4.3
    transitivePeerDependencies:
      - supports-color

  alien-signals@1.0.13: {}

  anymatch@3.1.3:
    dependencies:
      normalize-path: 3.0.0
      picomatch: 2.3.2

  async-validator@4.2.5: {}

  asynckit@0.4.0: {}

  axios@1.17.0:
    dependencies:
      follow-redirects: 1.16.0
      form-data: 4.0.5
      https-proxy-agent: 5.0.1
      proxy-from-env: 2.1.0
    transitivePeerDependencies:
      - debug
      - supports-color

  balanced-match@1.0.2: {}

  binary-extensions@2.3.0: {}

  brace-expansion@2.1.1:
    dependencies:
      balanced-match: 1.0.2

  braces@3.0.3:
    dependencies:
      fill-range: 7.1.1

  call-bind-apply-helpers@1.0.2:
    dependencies:
      es-errors: 1.3.0
      function-bind: 1.1.2

  chokidar@3.6.0:
    dependencies:
      anymatch: 3.1.3
      braces: 3.0.3
      glob-parent: 5.1.2
      is-binary-path: 2.1.0
      is-glob: 4.0.3
      normalize-path: 3.0.0
      readdirp: 3.6.0
    optionalDependencies:
      fsevents: 2.3.3

  combined-stream@1.0.8:
    dependencies:
      delayed-stream: 1.0.0

  csstype@3.2.3: {}

  dayjs@1.11.21: {}

  de-indent@1.0.2: {}

  debug@4.4.3:
    dependencies:
      ms: 2.1.3

  delayed-stream@1.0.0: {}

  dunder-proto@1.0.1:
    dependencies:
      call-bind-apply-helpers: 1.0.2
      es-errors: 1.3.0
      gopd: 1.2.0

  element-plus@2.13.1(vue@3.5.34(typescript@5.9.3)):
    dependencies:
      '@ctrl/tinycolor': 3.6.1
      '@element-plus/icons-vue': 2.3.2(vue@3.5.34(typescript@5.9.3))
      '@floating-ui/dom': 1.7.6
      '@popperjs/core': '@sxzz/popperjs-es@2.11.7'
      '@types/lodash': 4.17.24
      '@types/lodash-es': 4.17.12
      '@vueuse/core': 10.11.1(vue@3.5.34(typescript@5.9.3))
      async-validator: 4.2.5
      dayjs: 1.11.21
      lodash: 4.18.1
      lodash-es: 4.18.1
      lodash-unified: 1.0.3(@types/lodash-es@4.17.12)(lodash-es@4.18.1)(lodash@4.18.1)
      memoize-one: 6.0.0
      normalize-wheel-es: 1.2.0
      vue: 3.5.34(typescript@5.9.3)
    transitivePeerDependencies:
      - '@vue/composition-api'

  entities@7.0.1: {}

  es-define-property@1.0.1: {}

  es-errors@1.3.0: {}

  es-object-atoms@1.1.1:
    dependencies:
      es-errors: 1.3.0

  es-set-tostringtag@2.1.0:
    dependencies:
      es-errors: 1.3.0
      get-intrinsic: 1.3.0
      has-tostringtag: 1.0.2
      hasown: 2.0.4

  esbuild@0.18.20:
    optionalDependencies:
      '@esbuild/android-arm': 0.18.20
      '@esbuild/android-arm64': 0.18.20
      '@esbuild/android-x64': 0.18.20
      '@esbuild/darwin-arm64': 0.18.20
      '@esbuild/darwin-x64': 0.18.20
      '@esbuild/freebsd-arm64': 0.18.20
      '@esbuild/freebsd-x64': 0.18.20
      '@esbuild/linux-arm': 0.18.20
      '@esbuild/linux-arm64': 0.18.20
      '@esbuild/linux-ia32': 0.18.20
      '@esbuild/linux-loong64': 0.18.20
      '@esbuild/linux-mips64el': 0.18.20
      '@esbuild/linux-ppc64': 0.18.20
      '@esbuild/linux-riscv64': 0.18.20
      '@esbuild/linux-s390x': 0.18.20
      '@esbuild/linux-x64': 0.18.20
      '@esbuild/netbsd-x64': 0.18.20
      '@esbuild/openbsd-x64': 0.18.20
      '@esbuild/sunos-x64': 0.18.20
      '@esbuild/win32-arm64': 0.18.20
      '@esbuild/win32-ia32': 0.18.20
      '@esbuild/win32-x64': 0.18.20

  estree-walker@2.0.2: {}

  fill-range@7.1.1:
    dependencies:
      to-regex-range: 5.0.1

  follow-redirects@1.16.0: {}

  form-data@4.0.5:
    dependencies:
      asynckit: 0.4.0
      combined-stream: 1.0.8
      es-set-tostringtag: 2.1.0
      hasown: 2.0.4
      mime-types: 2.1.35

  fsevents@2.3.3:
    optional: true

  function-bind@1.1.2: {}

  get-intrinsic@1.3.0:
    dependencies:
      call-bind-apply-helpers: 1.0.2
      es-define-property: 1.0.1
      es-errors: 1.3.0
      es-object-atoms: 1.1.1
      function-bind: 1.1.2
      get-proto: 1.0.1
      gopd: 1.2.0
      has-symbols: 1.1.0
      hasown: 2.0.4
      math-intrinsics: 1.1.0

  get-proto@1.0.1:
    dependencies:
      dunder-proto: 1.0.1
      es-object-atoms: 1.1.1

  glob-parent@5.1.2:
    dependencies:
      is-glob: 4.0.3

  gopd@1.2.0: {}

  has-symbols@1.1.0: {}

  has-tostringtag@1.0.2:
    dependencies:
      has-symbols: 1.1.0

  hasown@2.0.4:
    dependencies:
      function-bind: 1.1.2

  he@1.2.0: {}

  https-proxy-agent@5.0.1:
    dependencies:
      agent-base: 6.0.2
      debug: 4.4.3
    transitivePeerDependencies:
      - supports-color

  immutable@4.3.8: {}

  is-binary-path@2.1.0:
    dependencies:
      binary-extensions: 2.3.0

  is-extglob@2.1.1: {}

  is-glob@4.0.3:
    dependencies:
      is-extglob: 2.1.1

  is-number@7.0.0: {}

  lodash-es@4.18.1: {}

  lodash-unified@1.0.3(@types/lodash-es@4.17.12)(lodash-es@4.18.1)(lodash@4.18.1):
    dependencies:
      '@types/lodash-es': 4.17.12
      lodash: 4.18.1
      lodash-es: 4.18.1

  lodash@4.18.1: {}

  magic-string@0.30.21:
    dependencies:
      '@jridgewell/sourcemap-codec': 1.5.5

  math-intrinsics@1.1.0: {}

  memoize-one@6.0.0: {}

  mime-db@1.52.0: {}

  mime-types@2.1.35:
    dependencies:
      mime-db: 1.52.0

  minimatch@9.0.9:
    dependencies:
      brace-expansion: 2.1.1

  ms@2.1.3: {}

  muggle-string@0.4.1: {}

  nanoid@3.3.12: {}

  normalize-path@3.0.0: {}

  normalize-wheel-es@1.2.0: {}

  path-browserify@1.0.1: {}

  picocolors@1.1.1: {}

  picomatch@2.3.2: {}

  pinia@2.3.1(typescript@5.9.3)(vue@3.5.34(typescript@5.9.3)):
    dependencies:
      '@vue/devtools-api': 6.6.4
      vue: 3.5.34(typescript@5.9.3)
      vue-demi: 0.14.10(vue@3.5.34(typescript@5.9.3))
    optionalDependencies:
      typescript: 5.9.3
    transitivePeerDependencies:
      - '@vue/composition-api'

  postcss@8.5.15:
    dependencies:
      nanoid: 3.3.12
      picocolors: 1.1.1
      source-map-js: 1.2.1

  proxy-from-env@2.1.0: {}

  readdirp@3.6.0:
    dependencies:
      picomatch: 2.3.2

  rollup@3.30.0:
    optionalDependencies:
      fsevents: 2.3.3

  sass@1.69.7:
    dependencies:
      chokidar: 3.6.0
      immutable: 4.3.8
      source-map-js: 1.2.1

  source-map-js@1.2.1: {}

  to-regex-range@5.0.1:
    dependencies:
      is-number: 7.0.0

  typescript@5.9.3: {}

  vite@4.5.14(sass@1.69.7):
    dependencies:
      esbuild: 0.18.20
      postcss: 8.5.15
      rollup: 3.30.0
    optionalDependencies:
      fsevents: 2.3.3
      sass: 1.69.7

  vscode-uri@3.1.0: {}

  vue-demi@0.14.10(vue@3.5.34(typescript@5.9.3)):
    dependencies:
      vue: 3.5.34(typescript@5.9.3)

  vue-router@4.6.4(vue@3.5.34(typescript@5.9.3)):
    dependencies:
      '@vue/devtools-api': 6.6.4
      vue: 3.5.34(typescript@5.9.3)

  vue-tsc@2.2.12(typescript@5.9.3):
    dependencies:
      '@volar/typescript': 2.4.15
      '@vue/language-core': 2.2.12(typescript@5.9.3)
      typescript: 5.9.3

  vue@3.5.34(typescript@5.9.3):
    dependencies:
      '@vue/compiler-dom': 3.5.34
      '@vue/compiler-sfc': 3.5.34
      '@vue/runtime-dom': 3.5.34
      '@vue/server-renderer': 3.5.34(vue@3.5.34(typescript@5.9.3))
      '@vue/shared': 3.5.34
    optionalDependencies:
      typescript: 5.9.3
